// !$*UTF8*$!
{
	archiveVersion = 1;
	classes = {
	};
	objectVersion = 56;
	objects = {

/* Begin PBXBuildFile section */
		085673C62A01D161009248E6 /* HapticPracticeApp.swift in Sources */ = {isa = PBXBuildFile; fileRef = 085673C52A01D161009248E6 /* HapticPracticeApp.swift */; };
		085673C82A01D161009248E6 /* ContentView.swift in Sources */ = {isa = PBXBuildFile; fileRef = 085673C72A01D161009248E6 /* ContentView.swift */; };
		085673CA2A01D164009248E6 /* Assets.xcassets in Resources */ = {isa = PBXBuildFile; fileRef = 085673C92A01D164009248E6 /* Assets.xcassets */; };
		085673CD2A01D164009248E6 /* Preview Assets.xcassets in Resources */ = {isa = PBXBuildFile; fileRef = 085673CC2A01D164009248E6 /* Preview Assets.xcassets */; };
		085673D72A01D164009248E6 /* HapticPracticeTests.swift in Sources */ = {isa = PBXBuildFile; fileRef = 085673D62A01D164009248E6 /* HapticPracticeTests.swift */; };
		085673E12A01D164009248E6 /* HapticPracticeUITests.swift in Sources */ = {isa = PBXBuildFile; fileRef = 085673E02A01D164009248E6 /* HapticPracticeUITests.swift */; };
		085673E32A01D164009248E6 /* HapticPracticeUITestsLaunchTests.swift in Sources */ = {isa = PBXBuildFile; fileRef = 085673E22A01D164009248E6 /* HapticPracticeUITestsLaunchTests.swift */; };
/* End PBXBuildFile section */

/* Begin PBXContainerItemProxy section */
		085673D32A01D164009248E6 /* PBXContainerItemProxy */ = {
			isa = PBXContainerItemProxy;
			containerPortal = 085673BA2A01D161009248E6 /* Project object */;
			proxyType = 1;
			remoteGlobalIDString = 085673C12A01D161009248E6;
			remoteInfo = HapticPractice;
		};
		085673DD2A01D164009248E6 /* PBXContainerItemProxy */ = {
			isa = PBXContainerItemProxy;
			containerPortal = 085673BA2A01D161009248E6 /* Project object */;
			proxyType = 1;
			remoteGlobalIDString = 085673C12A01D161009248E6;
			remoteInfo = HapticPractice;
		};
/* End PBXContainerItemProxy section */

/* Begin PBXFileReference section */
		085673C22A01D161009248E6 /* HapticPractice.app */ = {isa = PBXFileReference; explicitFileType = wrapper.application; includeInIndex = 0; path = HapticPractice.app; sourceTree = BUILT_PRODUCTS_DIR; };
		085673C52A01D161009248E6 /* HapticPracticeApp.swift */ = {isa = PBXFileReference; lastKnownFileType = sourcecode.swift; path = HapticPracticeApp.swift; sourceTree = "<group>"; };
		085673C72A01D161009248E6 /* ContentView.swift */ = {isa = PBXFileReference; lastKnownFileType = sourcecode.swift; path = ContentView.swift; sourceTree = "<group>"; };
		085673C92A01D164009248E6 /* Assets.xcassets */ = {isa = PBXFileReference; lastKnownFileType = folder.assetcatalog; path = Assets.xcassets; sourceTree = "<group>"; };
		085673CC2A01D164009248E6 /* Preview Assets.xcassets */ = {isa = PBXFileReference; lastKnownFileType = folder.assetcatalog; path = "Preview Assets.xcassets"; sourceTree = "<group>"; };
		085673D22A01D164009248E6 /* HapticPracticeTests.xctest */ = {isa = PBXFileReference; explicitFileType = wrapper.cfbundle; includeInIndex = 0; path = HapticPracticeTests.xctest; sourceTree = BUILT_PRODUCTS_DIR; };
		085673D62A01D164009248E6 /* HapticPracticeTests.swift */ = {isa = PBXFileReference; lastKnownFileType = sourcecode.swift; path = HapticPracticeTests.swift; sourceTree = "<group>"; };
		085673DC2A01D164009248E6 /* HapticPracticeUITests.xctest */ = {isa = PBXFileReference; explicitFileType = wrapper.cfbundle; includeInIndex = 0; path = HapticPracticeUITests.xctest; sourceTree = BUILT_PRODUCTS_DIR; };
		085673E02A01D164009248E6 /* HapticPracticeUITests.swift */ = {isa = PBXFileReference; lastKnownFileType = sourcecode.swift; path = HapticPracticeUITests.swift; sourceTree = "<group>"; };
		085673E22A01D164009248E6 /* HapticPracticeUITestsLaunchTests.swift */ = {isa = PBXFileReference; lastKnownFileType = sourcecode.swift; path = HapticPracticeUITestsLaunchTests.swift; sourceTree = "<group>"; };
/* End PBXFileReference section */

/* Begin PBXFrameworksBuildPhase section */
		085673BF2A01D161009248E6 /* Frameworks */ = {
			isa = PBXFrameworksBuildPhase;
			buildActionMask = 2147483647;
			files = (
			);
			runOnlyForDeploymentPostprocessing = 0;
		};
		085673CF2A01D164009248E6 /* Frameworks */ = {
			isa = PBXFrameworksBuildPhase;
			buildActionMask = 2147483647;
			files = (
			);
			runOnlyForDeploymentPostprocessing = 0;
		};
		085673D92A01D164009248E6 /* Frameworks */ = {
			isa = PBXFrameworksBuildPhase;
			buildActionMask = 2147483647;
			files = (
			);
			runOnlyForDeploymentPostprocessing = 0;
		};
/* End PBXFrameworksBuildPhase section */

/* Begin PBXGroup section */
		085673B92A01D161009248E6 = {
			isa = PBXGroup;
			children = (
				085673C42A01D161009248E6 /* HapticPractice */,
				085673D52A01D164009248E6 /* HapticPracticeTests */,
				085673DF2A01D164009248E6 /* HapticPracticeUITests */,
				085673C32A01D161009248E6 /* Products */,
			);
			sourceTree = "<group>";
		};
		085673C32A01D161009248E6 /* Products */ = {
			isa = PBXGroup;
			children = (
				085673C22A01D161009248E6 /* HapticPractice.app */,
				085673D22A01D164009248E6 /* HapticPracticeTests.xctest */,
				085673DC2A01D164009248E6 /* HapticPracticeUITests.xctest */,
			);
			name = Products;
			sourceTree = "<group>";
		};
		085673C42A01D161009248E6 /* HapticPractice */ = {
			isa = PBXGroup;
			children = (
				085673C52A01D161009248E6 /* HapticPracticeApp.swift */,
				085673C72A01D161009248E6 /* ContentView.swift */,
				085673C92A01D164009248E6 /* Assets.xcassets */,
				085673CB2A01D164009248E6 /* Preview Content */,
			);
			path = HapticPractice;
			sourceTree = "<group>";
		};
		085673CB2A01D164009248E6 /* Preview Content */ = {
			isa = PBXGroup;
			children = (
				085673CC2A01D164009248E6 /* Preview Assets.xcassets */,
			);
			path = "Preview Content";
			sourceTree = "<group>";
		};
		085673D52A01D164009248E6 /* HapticPracticeTests */ = {
			isa = PBXGroup;
			children = (
				085673D62A01D164009248E6 /* HapticPracticeTests.swift */,
			);
			path = HapticPracticeTests;
			sourceTree = "<group>";
		};
		085673DF2A01D164009248E6 /* HapticPracticeUITests */ = {
			isa = PBXGroup;
			children = (
				085673E02A01D164009248E6 /* HapticPracticeUITests.swift */,
				085673E22A01D164009248E6 /* HapticPracticeUITestsLaunchTests.swift */,
			);
			path = HapticPracticeUITests;
			sourceTree = "<group>";
		};
/* End PBXGroup section */

/* Begin PBXNativeTarget section */
		085673C12A01D161009248E6 /* HapticPractice */ = {
			isa = PBXNativeTarget;
			buildConfigurationList = 085673E62A01D164009248E6 /* Build configuration list for PBXNativeTarget "HapticPractice" */;
			buildPhases = (
				085673BE2A01D161009248E6 /* Sources */,
				085673BF2A01D161009248E6 /* Frameworks */,
				085673C02A01D161009248E6 /* Resources */,
			);
			buildRules = (
			);
			dependencies = (
			);
			name = HapticPractice;
			productName = HapticPractice;
			productReference = 085673C22A01D161009248E6 /* HapticPractice.app */;
			productType = "com.apple.product-type.application";
		};
		085673D12A01D164009248E6 /* HapticPracticeTests */ = {
			isa = PBXNativeTarget;
			buildConfigurationList = 085673E92A01D164009248E6 /* Build configuration list for PBXNativeTarget "HapticPracticeTests" */;
			buildPhases = (
				085673CE2A01D164009248E6 /* Sources */,
				085673CF2A01D164009248E6 /* Frameworks */,
				085673D02A01D164009248E6 /* Resources */,
			);
			buildRules = (
			);
			dependencies = (
				085673D42A01D164009248E6 /* PBXTargetDependency */,
			);
			name = HapticPracticeTests;
			productName = HapticPracticeTests;
			productReference = 085673D22A01D164009248E6 /* HapticPracticeTests.xctest */;
			productType = "com.apple.product-type.bundle.unit-test";
		};
		085673DB2A01D164009248E6 /* HapticPracticeUITests */ = {
			isa = PBXNativeTarget;
			buildConfigurationList = 085673EC2A01D164009248E6 /* Build configuration list for PBXNativeTarget "HapticPracticeUITests" */;
			buildPhases = (
				085673D82A01D164009248E6 /* Sources */,
				085673D92A01D164009248E6 /* Frameworks */,
				085673DA2A01D164009248E6 /* Resources */,
			);
			buildRules = (
			);
			dependencies = (
				085673DE2A01D164009248E6 /* PBXTargetDependency */,
			);
			name = HapticPracticeUITests;
			productName = HapticPracticeUITests;
			productReference = 085673DC2A01D164009248E6 /* HapticPracticeUITests.xctest */;
			productType = "com.apple.product-type.bundle.ui-testing";
		};
/* End PBXNativeTarget section */

/* Begin PBXProject section */
		085673BA2A01D161009248E6 /* Project object */ = {
			isa = PBXProject;
			attributes = {
				BuildIndependentTargetsInParallel = 1;
				LastSwiftUpdateCheck = 1430;
				LastUpgradeCheck = 1430;
				TargetAttributes = {
					085673C12A01D161009248E6 = {
						CreatedOnToolsVersion = 14.3;
					};
					085673D12A01D164009248E6 = {
						CreatedOnToolsVersion = 14.3;
						TestTargetID = 085673C12A01D161009248E6;
					};
					085673DB2A01D164009248E6 = {
						CreatedOnToolsVersion = 14.3;
						TestTargetID = 085673C12A01D161009248E6;
					};
				};
			};
			buildConfigurationList = 085673BD2A01D161009248E6 /* Build configuration list for PBXProject "HapticPractice" */;
			compatibilityVersion = "Xcode 14.0";
			developmentRegion = en;
			hasScannedForEncodings = 0;
			knownRegions = (
				en,
				Base,
			);
			mainGroup = 085673B92A01D161009248E6;
			productRefGroup = 085673C32A01D161009248E6 /* Products */;
			projectDirPath = "";
			projectRoot = "";
			targets = (
				085673C12A01D161009248E6 /* HapticPractice */,
				085673D12A01D164009248E6 /* HapticPracticeTests */,
				085673DB2A01D164009248E6 /* HapticPracticeUITests */,
			);
		};
/* End PBXProject section */

/* Begin PBXResourcesBuildPhase section */
		085673C02A01D161009248E6 /* Resources */ = {
			isa = PBXResourcesBuildPhase;
			buildActionMask = 2147483647;
			files = (
				085673CD2A01D164009248E6 /* Preview Assets.xcassets in Resources */,
				085673CA2A01D164009248E6 /* Assets.xcassets in Resources */,
			);
			runOnlyForDeploymentPostprocessing = 0;
		};
		085673D02A01D164009248E6 /* Resources */ = {
			isa = PBXResourcesBuildPhase;
			buildActionMask = 2147483647;
			files = (
			);
			runOnlyForDeploymentPostprocessing = 0;
		};
		085673DA2A01D164009248E6 /* Resources */ = {
			isa = PBXResourcesBuildPhase;
			buildActionMask = 2147483647;
			files = (
			);
			runOnlyForDeploymentPostprocessing = 0;
		};
/* End PBXResourcesBuildPhase section */

/* Begin PBXSourcesBuildPhase section */
		085673BE2A01D161009248E6 /* Sources */ = {
			isa = PBXSourcesBuildPhase;
			buildActionMask = 2147483647;
			files = (
				085673C82A01D161009248E6 /* ContentView.swift in Sources */,
				085673C62A01D161009248E6 /* HapticPracticeApp.swift in Sources */,
			);
			runOnlyForDeploymentPostprocessing = 0;
		};
		085673CE2A01D164009248E6 /* Sources */ = {
			isa = PBXSourcesBuildPhase;
			buildActionMask = 2147483647;
			files = (
				085673D72A01D164009248E6 /* HapticPracticeTests.swift in Sources */,
			);
			runOnlyForDeploymentPostprocessing = 0;
		};
		085673D82A01D164009248E6 /* Sources */ = {
			isa = PBXSourcesBuildPhase;
			buildActionMask = 2147483647;
			files = (
				085673E32A01D164009248E6 /* HapticPracticeUITestsLaunchTests.swift in Sources */,
				085673E12A01D164009248E6 /* HapticPracticeUITests.swift in Sources */,
			);
			runOnlyForDeploymentPostprocessing = 0;
		};
/* End PBXSourcesBuildPhase section */

/* Begin PBXTargetDependency section */
		085673D42A01D164009248E6 /* PBXTargetDependency */ = {
			isa = PBXTargetDependency;
			target = 085673C12A01D161009248E6 /* HapticPractice */;
			targetProxy = 085673D32A01D164009248E6 /* PBXContainerItemProxy */;
		};
		085673DE2A01D164009248E6 /* PBXTargetDependency */ = {
			isa = PBXTargetDependency;
			target = 085673C12A01D161009248E6 /* HapticPractice */;
			targetProxy = 085673DD2A01D164009248E6 /* PBXContainerItemProxy */;
		};
/* End PBXTargetDependency section */

/* Begin XCBuildConfiguration section */
		085673E42A01D164009248E6 /* Debug */ = {
			isa = XCBuildConfiguration;
			buildSettings = {
				ALWAYS_SEARCH_USER_PATHS = NO;
				CLANG_ANALYZER_NONNULL = YES;
				CLANG_ANALYZER_NUMBER_OBJECT_CONVERSION = YES_AGGRESSIVE;
				CLANG_CXX_LANGUAGE_STANDARD = "gnu++20";
				CLANG_ENABLE_MODULES = YES;
				CLANG_ENABLE_OBJC_ARC = YES;
				CLANG_ENABLE_OBJC_WEAK = YES;
				CLANG_WARN_BLOCK_CAPTURE_AUTORELEASING = YES;
				CLANG_WARN_BOOL_CONVERSION = YES;
				CLANG_WARN_COMMA = YES;
				CLANG_WARN_CONSTANT_CONVERSION = YES;
				CLANG_WARN_DEPRECATED_OBJC_IMPLEMENTATIONS = YES;
				CLANG_WARN_DIRECT_OBJC_ISA_USAGE = YES_ERROR;
				CLANG_WARN_DOCUMENTATION_COMMENTS = YES;
				CLANG_WARN_EMPTY_BODY = YES;
				CLANG_WARN_ENUM_CONVERSION = YES;
				CLANG_WARN_INFINITE_RECURSION = YES;
				CLANG_WARN_INT_CONVERSION = YES;
				CLANG_WARN_NON_LITERAL_NULL_CONVERSION = YES;
				CLANG_WARN_OBJC_IMPLICIT_RETAIN_SELF = YES;
				CLANG_WARN_OBJC_LITERAL_CONVERSION = YES;
				CLANG_WARN_OBJC_ROOT_CLASS = YES_ERROR;
				CLANG_WARN_QUOTED_INCLUDE_IN_FRAMEWORK_HEADER = YES;
				CLANG_WARN_RANGE_LOOP_ANALYSIS = YES;
				CLANG_WARN_STRICT_PROTOTYPES = YES;
				CLANG_WARN_SUSPICIOUS_MOVE = YES;
				CLANG_WARN_UNGUARDED_AVAILABILITY = YES_AGGRESSIVE;
				CLANG_WARN_UNREACHABLE_CODE = YES;
				CLANG_WARN__DUPLICATE_METHOD_MATCH = YES;
				COPY_PHASE_STRIP = NO;
				DEBUG_INFORMATION_FORMAT = dwarf;
				ENABLE_STRICT_OBJC_MSGSEND = YES;
				ENABLE_TESTABILITY = YES;
				GCC_C_LANGUAGE_STANDARD = gnu11;
				GCC_DYNAMIC_NO_PIC = NO;
				GCC_NO_COMMON_BLOCKS = YES;
				GCC_OPTIMIZATION_LEVEL = 0;
				GCC_PREPROCESSOR_DEFINITIONS = (
					"DEBUG=1",
					"$(inherited)",
				);
				GCC_WARN_64_TO_32_BIT_CONVERSION = YES;
				GCC_WARN_ABOUT_RETURN_TYPE = YES_ERROR;
				GCC_WARN_UNDECLARED_SELECTOR = YES;
				GCC_WARN_UNINITIALIZED_AUTOS = YES_AGGRESSIVE;
				GCC_WARN_UNUSED_FUNCTION = YES;
				GCC_WARN_UNUSED_VARIABLE = YES;
				IPHONEOS_DEPLOYMENT_TARGET = 16.4;
				MTL_ENABLE_DEBUG_INFO = INCLUDE_SOURCE;
				MTL_FAST_MATH = YES;
				ONLY_ACTIVE_ARCH = YES;
				SDKROOT = iphoneos;
				SWIFT_ACTIVE_COMPILATION_CONDITIONS = DEBUG;
				SWIFT_OPTIMIZATION_LEVEL = "-Onone";
			};
			name = Debug;
		};
		085673E52A01D164009248E6 /* Release */ = {
			isa = XCBuildConfiguration;
			buildSettings = {
				ALWAYS_SEARCH_USER_PATHS = NO;
				CLANG_ANALYZER_NONNULL = YES;
				CLANG_ANALYZER_NUMBER_OBJECT_CONVERSION = YES_AGGRESSIVE;
				CLANG_CXX_LANGUAGE_STANDARD = "gnu++20";
				CLANG_ENABLE_MODULES = YES;
				CLANG_ENABLE_OBJC_ARC = YES;
				CLANG_ENABLE_OBJC_WEAK = YES;
				CLANG_WARN_BLOCK_CAPTURE_AUTORELEASING = YES;
				CLANG_WARN_BOOL_CONVERSION = YES;
				CLANG_WARN_COMMA = YES;
				CLANG_WARN_CONSTANT_CONVERSION = YES;
				CLANG_WARN_DEPRECATED_OBJC_IMPLEMENTATIONS = YES;
				CLANG_WARN_DIRECT_OBJC_ISA_USAGE = YES_ERROR;
				CLANG_WARN_DOCUMENTATION_COMMENTS = YES;
				CLANG_WARN_EMPTY_BODY = YES;
				CLANG_WARN_ENUM_CONVERSION = YES;
				CLANG_WARN_INFINITE_RECURSION = YES;
				CLANG_WARN_INT_CONVERSION = YES;
				CLANG_WARN_NON_LITERAL_NULL_CONVERSION = YES;
				CLANG_WARN_OBJC_IMPLICIT_RETAIN_SELF = YES;
				CLANG_WARN_OBJC_LITERAL_CONVERSION = YES;
				CLANG_WARN_OBJC_ROOT_CLASS = YES_ERROR;
				CLANG_WARN_QUOTED_INCLUDE_IN_FRAMEWORK_HEADER = YES;
				CLANG_WARN_RANGE_LOOP_ANALYSIS = YES;
				CLANG_WARN_STRICT_PROTOTYPES = YES;
				CLANG_WARN_SUSPICIOUS_MOVE = YES;
				CLANG_WARN_UNGUARDED_AVAILABILITY = YES_AGGRESSIVE;
				CLANG_WARN_UNREACHABLE_CODE = YES;
				CLANG_WARN__DUPLICATE_METHOD_MATCH = YES;
				COPY_PHASE_STRIP = NO;
				DEBUG_INFORMATION_FORMAT = "dwarf-with-dsym";
				ENABLE_NS_ASSERTIONS = NO;
				ENABLE_STRICT_OBJC_MSGSEND = YES;
				GCC_C_LANGUAGE_STANDARD = gnu11;
				GCC_NO_COMMON_BLOCKS = YES;
				GCC_WARN_64_TO_32_BIT_CONVERSION = YES;
				GCC_WARN_ABOUT_RETURN_TYPE = YES_ERROR;
				GCC_WARN_UNDECLARED_SELECTOR = YES;
				GCC_WARN_UNINITIALIZED_AUTOS = YES_AGGRESSIVE;
				GCC_WARN_UNUSED_FUNCTION = YES;
				GCC_WARN_UNUSED_VARIABLE = YES;
				IPHONEOS_DEPLOYMENT_TARGET = 16.4;
				MTL_ENABLE_DEBUG_INFO = NO;
				MTL_FAST_MATH = YES;
				SDKROOT = iphoneos;
				SWIFT_COMPILATION_MODE = wholemodule;
				SWIFT_OPTIMIZATION_LEVEL = "-O";
				VALIDATE_PRODUCT = YES;
			};
			name = Release;
		};
		085673E72A01D164009248E6 /* Debug */ = {
			isa = XCBuildConfiguration;
			buildSettings = {
				ASSETCATALOG_COMPILER_APPICON_NAME = AppIcon;
				ASSETCATALOG_COMPILER_GLOBAL_ACCENT_COLOR_NAME = AccentColor;
				CODE_SIGN_STYLE = Automatic;
				CURRENT_PROJECT_VERSION = 1;
				DEVELOPMENT_ASSET_PATHS = "\"HapticPractice/Preview Content\"";
				DEVELOPMENT_TEAM = C3BD4H8DKG;
				ENABLE_PREVIEWS = YES;
				GENERATE_INFOPLIST_FILE = YES;
				INFOPLIST_KEY_UIApplicationSceneManifest_Generation = YES;
				INFOPLIST_KEY_UIApplicationSupportsIndirectInputEvents = YES;
				INFOPLIST_KEY_UILaunchScreen_Generation = YES;
				INFOPLIST_KEY_UISupportedInterfaceOrientations_iPad = "UIInterfaceOrientationPortrait UIInterfaceOrientationPortraitUpsideDown UIInterfaceOrientationLandscapeLeft UIInterfaceOrientationLandscapeRight";
				INFOPLIST_KEY_UISupportedInterfaceOrientations_iPhone = "UIInterfaceOrientationPortrait UIInterfaceOrientationLandscapeLeft UIInterfaceOrientationLandscapeRight";
				LD_RUNPATH_SEARCH_PATHS = (
					"$(inherited)",
					"@executable_path/Frameworks",
				);
				MARKETING_VERSION = 1.0;
				PRODUCT_BUNDLE_IDENTIFIER = com.HapticPractice.HapticPractice;
				PRODUCT_NAME = "$(TARGET_NAME)";
				SWIFT_EMIT_LOC_STRINGS = YES;
				SWIFT_VERSION = 5.0;
				TARGETED_DEVICE_FAMILY = "1,2";
			};
			name = Debug;
		};
		085673E82A01D164009248E6 /* Release */ = {
			isa = XCBuildConfiguration;
			buildSettings = {
				ASSETCATALOG_COMPILER_APPICON_NAME = AppIcon;
				ASSETCATALOG_COMPILER_GLOBAL_ACCENT_COLOR_NAME = AccentColor;
				CODE_SIGN_STYLE = Automatic;
				CURRENT_PROJECT_VERSION = 1;
				DEVELOPMENT_ASSET_PATHS = "\"HapticPractice/Preview Content\"";
				DEVELOPMENT_TEAM = C3BD4H8DKG;
				ENABLE_PREVIEWS = YES;
				GENERATE_INFOPLIST_FILE = YES;
				INFOPLIST_KEY_UIApplicationSceneManifest_Generation = YES;
				INFOPLIST_KEY_UIApplicationSupportsIndirectInputEvents = YES;
				INFOPLIST_KEY_UILaunchScreen_Generation = YES;
				INFOPLIST_KEY_UISupportedInterfaceOrientations_iPad = "UIInterfaceOrientationPortrait UIInterfaceOrientationPortraitUpsideDown UIInterfaceOrientationLandscapeLeft UIInterfaceOrientationLandscapeRight";
				INFOPLIST_KEY_UISupportedInterfaceOrientations_iPhone = "UIInterfaceOrientationPortrait UIInterfaceOrientationLandscapeLeft UIInterfaceOrientationLandscapeRight";
				LD_RUNPATH_SEARCH_PATHS = (
					"$(inherited)",
					"@executable_path/Frameworks",
				);
				MARKETING_VERSION = 1.0;
				PRODUCT_BUNDLE_IDENTIFIER = com.HapticPractice.HapticPractice;
				PRODUCT_NAME = "$(TARGET_NAME)";
				SWIFT_EMIT_LOC_STRINGS = YES;
				SWIFT_VERSION = 5.0;
				TARGETED_DEVICE_FAMILY = "1,2";
			};
			name = Release;
		};
		085673EA2A01D164009248E6 /* Debug */ = {
			isa = XCBuildConfiguration;
			buildSettings = {
				ALWAYS_EMBED_SWIFT_STANDARD_LIBRARIES = YES;
				BUNDLE_LOADER = "$(TEST_HOST)";
				CODE_SIGN_STYLE = Automatic;
				CURRENT_PROJECT_VERSION = 1;
				DEVELOPMENT_TEAM = C3BD4H8DKG;
				GENERATE_INFOPLIST_FILE = YES;
				IPHONEOS_DEPLOYMENT_TARGET = 16.4;
				MARKETING_VERSION = 1.0;
				PRODUCT_BUNDLE_IDENTIFIER = com.HapticPractice.HapticPracticeTests;
				PRODUCT_NAME = "$(TARGET_NAME)";
				SWIFT_EMIT_LOC_STRINGS = NO;
				SWIFT_VERSION = 5.0;
				TARGETED_DEVICE_FAMILY = "1,2";
				TEST_HOST = "$(BUILT_PRODUCTS_DIR)/HapticPractice.app/$(BUNDLE_EXECUTABLE_FOLDER_PATH)/HapticPractice";
			};
			name = Debug;
		};
		085673EB2A01D164009248E6 /* Release */ = {
			isa = XCBuildConfiguration;
			buildSettings = {
				ALWAYS_EMBED_SWIFT_STANDARD_LIBRARIES = YES;
				BUNDLE_LOADER = "$(TEST_HOST)";
				CODE_SIGN_STYLE = Automatic;
				CURRENT_PROJECT_VERSION = 1;
				DEVELOPMENT_TEAM = C3BD4H8DKG;
				GENERATE_INFOPLIST_FILE = YES;
				IPHONEOS_DEPLOYMENT_TARGET = 16.4;
				MARKETING_VERSION = 1.0;
				PRODUCT_BUNDLE_IDENTIFIER = com.HapticPractice.HapticPracticeTests;
				PRODUCT_NAME = "$(TARGET_NAME)";
				SWIFT_EMIT_LOC_STRINGS = NO;
				SWIFT_VERSION = 5.0;
				TARGETED_DEVICE_FAMILY = "1,2";
				TEST_HOST = "$(BUILT_PRODUCTS_DIR)/HapticPractice.app/$(BUNDLE_EXECUTABLE_FOLDER_PATH)/HapticPractice";
			};
			name = Release;
		};
		085673ED2A01D164009248E6 /* Debug */ = {
			isa = XCBuildConfiguration;
			buildSettings = {
				ALWAYS_EMBED_SWIFT_STANDARD_LIBRARIES = YES;
				CODE_SIGN_STYLE = Automatic;
				CURRENT_PROJECT_VERSION = 1;
				DEVELOPMENT_TEAM = C3BD4H8DKG;
				GENERATE_INFOPLIST_FILE = YES;
				MARKETING_VERSION = 1.0;
				PRODUCT_BUNDLE_IDENTIFIER = com.HapticPractice.HapticPracticeUITests;
				PRODUCT_NAME = "$(TARGET_NAME)";
				SWIFT_EMIT_LOC_STRINGS = NO;
				SWIFT_VERSION = 5.0;
				TARGETED_DEVICE_FAMILY = "1,2";
				TEST_TARGET_NAME = HapticPractice;
			};
			name = Debug;
		};
		085673EE2A01D164009248E6 /* Release */ = {
			isa = XCBuildConfiguration;
			buildSettings = {
				ALWAYS_EMBED_SWIFT_STANDARD_LIBRARIES = YES;
				CODE_SIGN_STYLE = Automatic;
				CURRENT_PROJECT_VERSION = 1;
				DEVELOPMENT_TEAM = C3BD4H8DKG;
				GENERATE_INFOPLIST_FILE = YES;
				MARKETING_VERSION = 1.0;
				PRODUCT_BUNDLE_IDENTIFIER = com.HapticPractice.HapticPracticeUITests;
				PRODUCT_NAME = "$(TARGET_NAME)";
				SWIFT_EMIT_LOC_STRINGS = NO;
				SWIFT_VERSION = 5.0;
				TARGETED_DEVICE_FAMILY = "1,2";
				TEST_TARGET_NAME = HapticPractice;
			};
			name = Release;
		};
/* End XCBuildConfiguration section */

/* Begin XCConfigurationList section */
		085673BD2A01D161009248E6 /* Build configuration list for PBXProject "HapticPractice" */ = {
			isa = XCConfigurationList;
			buildConfigurations = (
				085673E42A01D164009248E6 /* Debug */,
				085673E52A01D164009248E6 /* Release */,
			);
			defaultConfigurationIsVisible = 0;
			defaultConfigurationName = Release;
		};
		085673E62A01D164009248E6 /* Build configuration list for PBXNativeTarget "HapticPractice" */ = {
			isa = XCConfigurationList;
			buildConfigurations = (
				085673E72A01D164009248E6 /* Debug */,
				085673E82A01D164009248E6 /* Release */,
			);
			defaultConfigurationIsVisible = 0;
			defaultConfigurationName = Release;
		};
		085673E92A01D164009248E6 /* Build configuration list for PBXNativeTarget "HapticPracticeTests" */ = {
			isa = XCConfigurationList;
			buildConfigurations = (
				085673EA2A01D164009248E6 /* Debug */,
				085673EB2A01D164009248E6 /* Release */,
			);
			defaultConfigurationIsVisible = 0;
			defaultConfigurationName = Release;
		};
		085673EC2A01D164009248E6 /* Build configuration list for PBXNativeTarget "HapticPracticeUITests" */ = {
			isa = XCConfigurationList;
			buildConfigurations = (
				085673ED2A01D164009248E6 /* Debug */,
				085673EE2A01D164009248E6 /* Release */,
			);
			defaultConfigurationIsVisible = 0;
			defaultConfigurationName = Release;
		};
/* End XCConfigurationList section */
	};
	rootObject = 085673BA2A01D161009248E6 /* Project object */;
}
